// !$*UTF8*$!
{
	archiveVersion = 1;
	classes = {
	};
	objectVersion = 46;
	objects = {

/* Begin PBXBuildFile section */
		08162C91E2FDC9F346819FCE /* libPods.a in Frameworks */ = {isa = PBXBuildFile; fileRef = 37CCEBD2A462155711D79826 /* libPods.a */; };
		DA8B145F1C06E3A400FAEA51 /* topic_news.json in Resources */ = {isa = PBXBuildFile; fileRef = DA8B145E1C06E3A400FAEA51 /* topic_news.json */; };
		DA8B14621C06E3C800FAEA51 /* HMZChannelLabel.m in Sources */ = {isa = PBXBuildFile; fileRef = DA8B14611C06E3C800FAEA51 /* HMZChannelLabel.m */; };
		DA8B14651C06E3EC00FAEA51 /* HMZChannel.m in Sources */ = {isa = PBXBuildFile; fileRef = DA8B14641C06E3EC00FAEA51 /* HMZChannel.m */; };
		DA8B14681C06E48900FAEA51 /* HMZHomeController.m in Sources */ = {isa = PBXBuildFile; fileRef = DA8B14671C06E48900FAEA51 /* HMZHomeController.m */; };
		DA8B146B1C06E4A700FAEA51 /* HMZContentCell.m in Sources */ = {isa = PBXBuildFile; fileRef = DA8B146A1C06E4A700FAEA51 /* HMZContentCell.m */; };
		DA8B14711C06E4F000FAEA51 /* NSString+Tools.m in Sources */ = {isa = PBXBuildFile; fileRef = DA8B146E1C06E4F000FAEA51 /* NSString+Tools.m */; };
		DA8B14721C06E4F000FAEA51 /* UIView+HMZFrame.m in Sources */ = {isa = PBXBuildFile; fileRef = DA8B14701C06E4F000FAEA51 /* UIView+HMZFrame.m */; };
		DA8B14751C06E50E00FAEA51 /* HMZNewsController.m in Sources */ = {isa = PBXBuildFile; fileRef = DA8B14741C06E50E00FAEA51 /* HMZNewsController.m */; };
		DA8B14781C06E56200FAEA51 /* HMZNewsCell.m in Sources */ = {isa = PBXBuildFile; fileRef = DA8B14771C06E56200FAEA51 /* HMZNewsCell.m */; };
		DA8B147B1C06E58100FAEA51 /* HMZNews.m in Sources */ = {isa = PBXBuildFile; fileRef = DA8B147A1C06E58100FAEA51 /* HMZNews.m */; };
		DA8B14821C06E71400FAEA51 /* HMZNetworkTool.m in Sources */ = {isa = PBXBuildFile; fileRef = DA8B14811C06E71400FAEA51 /* HMZNetworkTool.m */; };
		DA8B14841C06E96B00FAEA51 /* News.storyboard in Resources */ = {isa = PBXBuildFile; fileRef = DA8B14831C06E96B00FAEA51 /* News.storyboard */; };
		DA8B14AA1C07235C00FAEA51 /* HMZCycleController.m in Sources */ = {isa = PBXBuildFile; fileRef = DA8B14A91C07235C00FAEA51 /* HMZCycleController.m */; };
		DA8B14AD1C07237400FAEA51 /* HMZCycle.m in Sources */ = {isa = PBXBuildFile; fileRef = DA8B14AC1C07237400FAEA51 /* HMZCycle.m */; };
		DA8B14B01C07239000FAEA51 /* HMZCycleCell.m in Sources */ = {isa = PBXBuildFile; fileRef = DA8B14AF1C07239000FAEA51 /* HMZCycleCell.m */; };
		DA8B14BE1C07411200FAEA51 /* HMZNewsInfoController.m in Sources */ = {isa = PBXBuildFile; fileRef = DA8B14BD1C07411200FAEA51 /* HMZNewsInfoController.m */; };
		DAC3301E1C06D4E30012CBF2 /* main.m in Sources */ = {isa = PBXBuildFile; fileRef = DAC3301D1C06D4E30012CBF2 /* main.m */; };
		DAC330211C06D4E30012CBF2 /* AppDelegate.m in Sources */ = {isa = PBXBuildFile; fileRef = DAC330201C06D4E30012CBF2 /* AppDelegate.m */; };
		DAC330271C06D4E30012CBF2 /* Main.storyboard in Resources */ = {isa = PBXBuildFile; fileRef = DAC330251C06D4E30012CBF2 /* Main.storyboard */; };
		DAC330291C06D4E30012CBF2 /* Assets.xcassets in Resources */ = {isa = PBXBuildFile; fileRef = DAC330281C06D4E30012CBF2 /* Assets.xcassets */; };
		DAC3302C1C06D4E30012CBF2 /* LaunchScreen.storyboard in Resources */ = {isa = PBXBuildFile; fileRef = DAC3302A1C06D4E30012CBF2 /* LaunchScreen.storyboard */; };
/* End PBXBuildFile section */

/* Begin PBXFileReference section */
		37CCEBD2A462155711D79826 /* libPods.a */ = {isa = PBXFileReference; explicitFileType = archive.ar; includeInIndex = 0; path = libPods.a; sourceTree = BUILT_PRODUCTS_DIR; };
		DA8B145E1C06E3A400FAEA51 /* topic_news.json */ = {isa = PBXFileReference; fileEncoding = 4; lastKnownFileType = text.json; path = topic_news.json; sourceTree = "<group>"; };
		DA8B14601C06E3C700FAEA51 /* HMZChannelLabel.h */ = {isa = PBXFileReference; fileEncoding = 4; lastKnownFileType = sourcecode.c.h; path = HMZChannelLabel.h; sourceTree = "<group>"; };
		DA8B14611C06E3C800FAEA51 /* HMZChannelLabel.m */ = {isa = PBXFileReference; fileEncoding = 4; lastKnownFileType = sourcecode.c.objc; path = HMZChannelLabel.m; sourceTree = "<group>"; };
		DA8B14631C06E3EC00FAEA51 /* HMZChannel.h */ = {isa = PBXFileReference; fileEncoding = 4; lastKnownFileType = sourcecode.c.h; path = HMZChannel.h; sourceTree = "<group>"; };
		DA8B14641C06E3EC00FAEA51 /* HMZChannel.m */ = {isa = PBXFileReference; fileEncoding = 4; lastKnownFileType = sourcecode.c.objc; path = HMZChannel.m; sourceTree = "<group>"; };
		DA8B14661C06E48900FAEA51 /* HMZHomeController.h */ = {isa = PBXFileReference; fileEncoding = 4; lastKnownFileType = sourcecode.c.h; path = HMZHomeController.h; sourceTree = "<group>"; };
		DA8B14671C06E48900FAEA51 /* HMZHomeController.m */ = {isa = PBXFileReference; fileEncoding = 4; lastKnownFileType = sourcecode.c.objc; path = HMZHomeController.m; sourceTree = "<group>"; };
		DA8B14691C06E4A700FAEA51 /* HMZContentCell.h */ = {isa = PBXFileReference; fileEncoding = 4; lastKnownFileType = sourcecode.c.h; path = HMZContentCell.h; sourceTree = "<group>"; };
		DA8B146A1C06E4A700FAEA51 /* HMZContentCell.m */ = {isa = PBXFileReference; fileEncoding = 4; lastKnownFileType = sourcecode.c.objc; path = HMZContentCell.m; sourceTree = "<group>"; };
		DA8B146D1C06E4F000FAEA51 /* NSString+Tools.h */ = {isa = PBXFileReference; fileEncoding = 4; lastKnownFileType = sourcecode.c.h; path = "NSString+Tools.h"; sourceTree = "<group>"; };
		DA8B146E1C06E4F000FAEA51 /* NSString+Tools.m */ = {isa = PBXFileReference; fileEncoding = 4; lastKnownFileType = sourcecode.c.objc; path = "NSString+Tools.m"; sourceTree = "<group>"; };
		DA8B146F1C06E4F000FAEA51 /* UIView+HMZFrame.h */ = {isa = PBXFileReference; fileEncoding = 4; lastKnownFileType = sourcecode.c.h; path = "UIView+HMZFrame.h"; sourceTree = "<group>"; };
		DA8B14701C06E4F000FAEA51 /* UIView+HMZFrame.m */ = {isa = PBXFileReference; fileEncoding = 4; lastKnownFileType = sourcecode.c.objc; path = "UIView+HMZFrame.m"; sourceTree = "<group>"; };
		DA8B14731C06E50E00FAEA51 /* HMZNewsController.h */ = {isa = PBXFileReference; fileEncoding = 4; lastKnownFileType = sourcecode.c.h; path = HMZNewsController.h; sourceTree = "<group>"; };
		DA8B14741C06E50E00FAEA51 /* HMZNewsController.m */ = {isa = PBXFileReference; fileEncoding = 4; lastKnownFileType = sourcecode.c.objc; path = HMZNewsController.m; sourceTree = "<group>"; };
		DA8B14761C06E56200FAEA51 /* HMZNewsCell.h */ = {isa = PBXFileReference; fileEncoding = 4; lastKnownFileType = sourcecode.c.h; path = HMZNewsCell.h; sourceTree = "<group>"; };
		DA8B14771C06E56200FAEA51 /* HMZNewsCell.m */ = {isa = PBXFileReference; fileEncoding = 4; lastKnownFileType = sourcecode.c.objc; path = HMZNewsCell.m; sourceTree = "<group>"; };
		DA8B14791C06E58100FAEA51 /* HMZNews.h */ = {isa = PBXFileReference; fileEncoding = 4; lastKnownFileType = sourcecode.c.h; path = HMZNews.h; sourceTree = "<group>"; };
		DA8B147A1C06E58100FAEA51 /* HMZNews.m */ = {isa = PBXFileReference; fileEncoding = 4; lastKnownFileType = sourcecode.c.objc; path = HMZNews.m; sourceTree = "<group>"; };
		DA8B14801C06E71400FAEA51 /* HMZNetworkTool.h */ = {isa = PBXFileReference; fileEncoding = 4; lastKnownFileType = sourcecode.c.h; path = HMZNetworkTool.h; sourceTree = "<group>"; };
		DA8B14811C06E71400FAEA51 /* HMZNetworkTool.m */ = {isa = PBXFileReference; fileEncoding = 4; lastKnownFileType = sourcecode.c.objc; path = HMZNetworkTool.m; sourceTree = "<group>"; };
		DA8B14831C06E96B00FAEA51 /* News.storyboard */ = {isa = PBXFileReference; fileEncoding = 4; lastKnownFileType = file.storyboard; path = News.storyboard; sourceTree = "<group>"; };
		DA8B14A81C07235C00FAEA51 /* HMZCycleController.h */ = {isa = PBXFileReference; fileEncoding = 4; lastKnownFileType = sourcecode.c.h; path = HMZCycleController.h; sourceTree = "<group>"; };
		DA8B14A91C07235C00FAEA51 /* HMZCycleController.m */ = {isa = PBXFileReference; fileEncoding = 4; lastKnownFileType = sourcecode.c.objc; path = HMZCycleController.m; sourceTree = "<group>"; };
		DA8B14AB1C07237400FAEA51 /* HMZCycle.h */ = {isa = PBXFileReference; fileEncoding = 4; lastKnownFileType = sourcecode.c.h; path = HMZCycle.h; sourceTree = "<group>"; };
		DA8B14AC1C07237400FAEA51 /* HMZCycle.m */ = {isa = PBXFileReference; fileEncoding = 4; lastKnownFileType = sourcecode.c.objc; path = HMZCycle.m; sourceTree = "<group>"; };
		DA8B14AE1C07239000FAEA51 /* HMZCycleCell.h */ = {isa = PBXFileReference; fileEncoding = 4; lastKnownFileType = sourcecode.c.h; path = HMZCycleCell.h; sourceTree = "<group>"; };
		DA8B14AF1C07239000FAEA51 /* HMZCycleCell.m */ = {isa = PBXFileReference; fileEncoding = 4; lastKnownFileType = sourcecode.c.objc; path = HMZCycleCell.m; sourceTree = "<group>"; };
		DA8B14BC1C07411200FAEA51 /* HMZNewsInfoController.h */ = {isa = PBXFileReference; fileEncoding = 4; lastKnownFileType = sourcecode.c.h; path = HMZNewsInfoController.h; sourceTree = "<group>"; };
		DA8B14BD1C07411200FAEA51 /* HMZNewsInfoController.m */ = {isa = PBXFileReference; fileEncoding = 4; lastKnownFileType = sourcecode.c.objc; path = HMZNewsInfoController.m; sourceTree = "<group>"; };
		DAC330191C06D4E30012CBF2 /* My-News.app */ = {isa = PBXFileReference; explicitFileType = wrapper.application; includeInIndex = 0; path = "My-News.app"; sourceTree = BUILT_PRODUCTS_DIR; };
		DAC3301D1C06D4E30012CBF2 /* main.m */ = {isa = PBXFileReference; lastKnownFileType = sourcecode.c.objc; path = main.m; sourceTree = "<group>"; };
		DAC3301F1C06D4E30012CBF2 /* AppDelegate.h */ = {isa = PBXFileReference; lastKnownFileType = sourcecode.c.h; path = AppDelegate.h; sourceTree = "<group>"; };
		DAC330201C06D4E30012CBF2 /* AppDelegate.m */ = {isa = PBXFileReference; lastKnownFileType = sourcecode.c.objc; path = AppDelegate.m; sourceTree = "<group>"; };
		DAC330261C06D4E30012CBF2 /* Base */ = {isa = PBXFileReference; lastKnownFileType = file.storyboard; name = Base; path = Base.lproj/Main.storyboard; sourceTree = "<group>"; };
		DAC330281C06D4E30012CBF2 /* Assets.xcassets */ = {isa = PBXFileReference; lastKnownFileType = folder.assetcatalog; path = Assets.xcassets; sourceTree = "<group>"; };
		DAC3302B1C06D4E30012CBF2 /* Base */ = {isa = PBXFileReference; lastKnownFileType = file.storyboard; name = Base; path = Base.lproj/LaunchScreen.storyboard; sourceTree = "<group>"; };
		DAC3302D1C06D4E30012CBF2 /* Info.plist */ = {isa = PBXFileReference; lastKnownFileType = text.plist.xml; path = Info.plist; sourceTree = "<group>"; };
		F502ED78AA772235E2846312 /* Pods.release.xcconfig */ = {isa = PBXFileReference; includeInIndex = 1; lastKnownFileType = text.xcconfig; name = Pods.release.xcconfig; path = "Pods/Target Support Files/Pods/Pods.release.xcconfig"; sourceTree = "<group>"; };
		F96368A546B51B178E1741B0 /* Pods.debug.xcconfig */ = {isa = PBXFileReference; includeInIndex = 1; lastKnownFileType = text.xcconfig; name = Pods.debug.xcconfig; path = "Pods/Target Support Files/Pods/Pods.debug.xcconfig"; sourceTree = "<group>"; };
/* End PBXFileReference section */

/* Begin PBXFrameworksBuildPhase section */
		DAC330161C06D4E30012CBF2 /* Frameworks */ = {
			isa = PBXFrameworksBuildPhase;
			buildActionMask = 2147483647;
			files = (
				08162C91E2FDC9F346819FCE /* libPods.a in Frameworks */,
			);
			runOnlyForDeploymentPostprocessing = 0;
		};
/* End PBXFrameworksBuildPhase section */

/* Begin PBXGroup section */
		322F27B754040B55393D9EE0 /* Frameworks */ = {
			isa = PBXGroup;
			children = (
				37CCEBD2A462155711D79826 /* libPods.a */,
			);
			name = Frameworks;
			sourceTree = "<group>";
		};
		43B1B0D68343BAF71A13ED91 /* Pods */ = {
			isa = PBXGroup;
			children = (
				F96368A546B51B178E1741B0 /* Pods.debug.xcconfig */,
				F502ED78AA772235E2846312 /* Pods.release.xcconfig */,
			);
			name = Pods;
			sourceTree = "<group>";
		};
		DA400F141C06DE74007C1E71 /* Channel */ = {
			isa = PBXGroup;
			children = (
				DA400F161C06DE74007C1E71 /* Model */,
				DA400F171C06DE74007C1E71 /* Other */,
				DA400F181C06DE74007C1E71 /* View */,
			);
			path = Channel;
			sourceTree = "<group>";
		};
		DA400F161C06DE74007C1E71 /* Model */ = {
			isa = PBXGroup;
			children = (
				DA8B14631C06E3EC00FAEA51 /* HMZChannel.h */,
				DA8B14641C06E3EC00FAEA51 /* HMZChannel.m */,
			);
			path = Model;
			sourceTree = "<group>";
		};
		DA400F171C06DE74007C1E71 /* Other */ = {
			isa = PBXGroup;
			children = (
				DA8B145E1C06E3A400FAEA51 /* topic_news.json */,
			);
			path = Other;
			sourceTree = "<group>";
		};
		DA400F181C06DE74007C1E71 /* View */ = {
			isa = PBXGroup;
			children = (
				DA8B14601C06E3C700FAEA51 /* HMZChannelLabel.h */,
				DA8B14611C06E3C800FAEA51 /* HMZChannelLabel.m */,
			);
			path = View;
			sourceTree = "<group>";
		};
		DA400F191C06DE74007C1E71 /* Classes */ = {
			isa = PBXGroup;
			children = (
				DA400F1A1C06DE74007C1E71 /* Controller */,
				DA400F1B1C06DE74007C1E71 /* Model */,
				DA400F1C1C06DE74007C1E71 /* Other */,
				DA400F1D1C06DE74007C1E71 /* View */,
			);
			path = Classes;
			sourceTree = "<group>";
		};
		DA400F1A1C06DE74007C1E71 /* Controller */ = {
			isa = PBXGroup;
			children = (
			);
			path = Controller;
			sourceTree = "<group>";
		};
		DA400F1B1C06DE74007C1E71 /* Model */ = {
			isa = PBXGroup;
			children = (
			);
			path = Model;
			sourceTree = "<group>";
		};
		DA400F1C1C06DE74007C1E71 /* Other */ = {
			isa = PBXGroup;
			children = (
			);
			path = Other;
			sourceTree = "<group>";
		};
		DA400F1D1C06DE74007C1E71 /* View */ = {
			isa = PBXGroup;
			children = (
			);
			path = View;
			sourceTree = "<group>";
		};
		DA400F1E1C06DE74007C1E71 /* Cycle */ = {
			isa = PBXGroup;
			children = (
				DA400F1F1C06DE74007C1E71 /* Controller */,
				DA400F201C06DE74007C1E71 /* Model */,
				DA400F221C06DE74007C1E71 /* View */,
			);
			path = Cycle;
			sourceTree = "<group>";
		};
		DA400F1F1C06DE74007C1E71 /* Controller */ = {
			isa = PBXGroup;
			children = (
				DA8B14A81C07235C00FAEA51 /* HMZCycleController.h */,
				DA8B14A91C07235C00FAEA51 /* HMZCycleController.m */,
			);
			path = Controller;
			sourceTree = "<group>";
		};
		DA400F201C06DE74007C1E71 /* Model */ = {
			isa = PBXGroup;
			children = (
				DA8B14AB1C07237400FAEA51 /* HMZCycle.h */,
				DA8B14AC1C07237400FAEA51 /* HMZCycle.m */,
			);
			path = Model;
			sourceTree = "<group>";
		};
		DA400F221C06DE74007C1E71 /* View */ = {
			isa = PBXGroup;
			children = (
				DA8B14AE1C07239000FAEA51 /* HMZCycleCell.h */,
				DA8B14AF1C07239000FAEA51 /* HMZCycleCell.m */,
			);
			path = View;
			sourceTree = "<group>";
		};
		DA400F231C06DE74007C1E71 /* Home */ = {
			isa = PBXGroup;
			children = (
				DA400F241C06DE74007C1E71 /* Controller */,
				DA400F271C06DE74007C1E71 /* View */,
			);
			path = Home;
			sourceTree = "<group>";
		};
		DA400F241C06DE74007C1E71 /* Controller */ = {
			isa = PBXGroup;
			children = (
				DA8B14661C06E48900FAEA51 /* HMZHomeController.h */,
				DA8B14671C06E48900FAEA51 /* HMZHomeController.m */,
			);
			path = Controller;
			sourceTree = "<group>";
		};
		DA400F271C06DE74007C1E71 /* View */ = {
			isa = PBXGroup;
			children = (
				DA8B14691C06E4A700FAEA51 /* HMZContentCell.h */,
				DA8B146A1C06E4A700FAEA51 /* HMZContentCell.m */,
			);
			path = View;
			sourceTree = "<group>";
		};
		DA400F281C06DE74007C1E71 /* News */ = {
			isa = PBXGroup;
			children = (
				DA400F291C06DE74007C1E71 /* Controller */,
				DA400F2A1C06DE74007C1E71 /* Model */,
				DA400F2B1C06DE74007C1E71 /* Other */,
				DA400F2C1C06DE74007C1E71 /* View */,
			);
			path = News;
			sourceTree = "<group>";
		};
		DA400F291C06DE74007C1E71 /* Controller */ = {
			isa = PBXGroup;
			children = (
				DA8B14731C06E50E00FAEA51 /* HMZNewsController.h */,
				DA8B14741C06E50E00FAEA51 /* HMZNewsController.m */,
			);
			path = Controller;
			sourceTree = "<group>";
		};
		DA400F2A1C06DE74007C1E71 /* Model */ = {
			isa = PBXGroup;
			children = (
				DA8B14791C06E58100FAEA51 /* HMZNews.h */,
				DA8B147A1C06E58100FAEA51 /* HMZNews.m */,
			);
			path = Model;
			sourceTree = "<group>";
		};
		DA400F2B1C06DE74007C1E71 /* Other */ = {
			isa = PBXGroup;
			children = (
			);
			path = Other;
			sourceTree = "<group>";
		};
		DA400F2C1C06DE74007C1E71 /* View */ = {
			isa = PBXGroup;
			children = (
				DA8B14761C06E56200FAEA51 /* HMZNewsCell.h */,
				DA8B14771C06E56200FAEA51 /* HMZNewsCell.m */,
			);
			path = View;
			sourceTree = "<group>";
		};
		DA8B146C1C06E4D000FAEA51 /* Lib */ = {
			isa = PBXGroup;
			children = (
				DA8B146D1C06E4F000FAEA51 /* NSString+Tools.h */,
				DA8B146E1C06E4F000FAEA51 /* NSString+Tools.m */,
				DA8B146F1C06E4F000FAEA51 /* UIView+HMZFrame.h */,
				DA8B14701C06E4F000FAEA51 /* UIView+HMZFrame.m */,
			);
			path = Lib;
			sourceTree = "<group>";
		};
		DA8B147C1C06E63C00FAEA51 /* Tools */ = {
			isa = PBXGroup;
			children = (
				DA8B14801C06E71400FAEA51 /* HMZNetworkTool.h */,
				DA8B14811C06E71400FAEA51 /* HMZNetworkTool.m */,
			);
			path = Tools;
			sourceTree = "<group>";
		};
		DA8B14B81C0740FB00FAEA51 /* NewsInfo */ = {
			isa = PBXGroup;
			children = (
				DA8B14B91C0740FB00FAEA51 /* Controller */,
				DA8B14BA1C0740FB00FAEA51 /* Model */,
				DA8B14BB1C0740FB00FAEA51 /* View */,
			);
			path = NewsInfo;
			sourceTree = "<group>";
		};
		DA8B14B91C0740FB00FAEA51 /* Controller */ = {
			isa = PBXGroup;
			children = (
				DA8B14BC1C07411200FAEA51 /* HMZNewsInfoController.h */,
				DA8B14BD1C07411200FAEA51 /* HMZNewsInfoController.m */,
			);
			path = Controller;
			sourceTree = "<group>";
		};
		DA8B14BA1C0740FB00FAEA51 /* Model */ = {
			isa = PBXGroup;
			children = (
			);
			path = Model;
			sourceTree = "<group>";
		};
		DA8B14BB1C0740FB00FAEA51 /* View */ = {
			isa = PBXGroup;
			children = (
			);
			path = View;
			sourceTree = "<group>";
		};
		DAC330101C06D4E30012CBF2 = {
			isa = PBXGroup;
			children = (
				DAC3301B1C06D4E30012CBF2 /* My-News */,
				DAC3301A1C06D4E30012CBF2 /* Products */,
				43B1B0D68343BAF71A13ED91 /* Pods */,
				322F27B754040B55393D9EE0 /* Frameworks */,
			);
			sourceTree = "<group>";
		};
		DAC3301A1C06D4E30012CBF2 /* Products */ = {
			isa = PBXGroup;
			children = (
				DAC330191C06D4E30012CBF2 /* My-News.app */,
			);
			name = Products;
			sourceTree = "<group>";
		};
		DAC3301B1C06D4E30012CBF2 /* My-News */ = {
			isa = PBXGroup;
			children = (
				DA8B14B81C0740FB00FAEA51 /* NewsInfo */,
				DA8B147C1C06E63C00FAEA51 /* Tools */,
				DA8B146C1C06E4D000FAEA51 /* Lib */,
				DA400F141C06DE74007C1E71 /* Channel */,
				DA400F191C06DE74007C1E71 /* Classes */,
				DA400F1E1C06DE74007C1E71 /* Cycle */,
				DA400F231C06DE74007C1E71 /* Home */,
				DA400F281C06DE74007C1E71 /* News */,
				DAC3301F1C06D4E30012CBF2 /* AppDelegate.h */,
				DAC330201C06D4E30012CBF2 /* AppDelegate.m */,
				DAC330251C06D4E30012CBF2 /* Main.storyboard */,
				DA8B14831C06E96B00FAEA51 /* News.storyboard */,
				DAC330281C06D4E30012CBF2 /* Assets.xcassets */,
				DAC3302A1C06D4E30012CBF2 /* LaunchScreen.storyboard */,
				DAC3302D1C06D4E30012CBF2 /* Info.plist */,
				DAC3301C1C06D4E30012CBF2 /* Supporting Files */,
			);
			path = "My-News";
			sourceTree = "<group>";
		};
		DAC3301C1C06D4E30012CBF2 /* Supporting Files */ = {
			isa = PBXGroup;
			children = (
				DAC3301D1C06D4E30012CBF2 /* main.m */,
			);
			name = "Supporting Files";
			sourceTree = "<group>";
		};
/* End PBXGroup section */

/* Begin PBXNativeTarget section */
		DAC330181C06D4E30012CBF2 /* My-News */ = {
			isa = PBXNativeTarget;
			buildConfigurationList = DAC330301C06D4E30012CBF2 /* Build configuration list for PBXNativeTarget "My-News" */;
			buildPhases = (
				687FD7BB3B62A6D430E33D94 /* Check Pods Manifest.lock */,
				DAC330151C06D4E30012CBF2 /* Sources */,
				DAC330161C06D4E30012CBF2 /* Frameworks */,
				DAC330171C06D4E30012CBF2 /* Resources */,
				EB3BE9E6B692EFBB69EA9A0E /* Embed Pods Frameworks */,
				097E1403FD59993B1C550E1B /* Copy Pods Resources */,
			);
			buildRules = (
			);
			dependencies = (
			);
			name = "My-News";
			productName = "My-News";
			productReference = DAC330191C06D4E30012CBF2 /* My-News.app */;
			productType = "com.apple.product-type.application";
		};
/* End PBXNativeTarget section */

/* Begin PBXProject section */
		DAC330111C06D4E30012CBF2 /* Project object */ = {
			isa = PBXProject;
			attributes = {
				CLASSPREFIX = HMZ;
				LastUpgradeCheck = 0700;
				ORGANIZATIONNAME = "赵志丹";
				TargetAttributes = {
					DAC330181C06D4E30012CBF2 = {
						CreatedOnToolsVersion = 7.0.1;
						DevelopmentTeam = P578XG8VUN;
					};
				};
			};
			buildConfigurationList = DAC330141C06D4E30012CBF2 /* Build configuration list for PBXProject "My-News" */;
			compatibilityVersion = "Xcode 3.2";
			developmentRegion = English;
			hasScannedForEncodings = 0;
			knownRegions = (
				en,
				Base,
			);
			mainGroup = DAC330101C06D4E30012CBF2;
			productRefGroup = DAC3301A1C06D4E30012CBF2 /* Products */;
			projectDirPath = "";
			projectRoot = "";
			targets = (
				DAC330181C06D4E30012CBF2 /* My-News */,
			);
		};
/* End PBXProject section */

/* Begin PBXResourcesBuildPhase section */
		DAC330171C06D4E30012CBF2 /* Resources */ = {
			isa = PBXResourcesBuildPhase;
			buildActionMask = 2147483647;
			files = (
				DAC3302C1C06D4E30012CBF2 /* LaunchScreen.storyboard in Resources */,
				DAC330291C06D4E30012CBF2 /* Assets.xcassets in Resources */,
				DA8B14841C06E96B00FAEA51 /* News.storyboard in Resources */,
				DA8B145F1C06E3A400FAEA51 /* topic_news.json in Resources */,
				DAC330271C06D4E30012CBF2 /* Main.storyboard in Resources */,
			);
			runOnlyForDeploymentPostprocessing = 0;
		};
/* End PBXResourcesBuildPhase section */

/* Begin PBXShellScriptBuildPhase section */
		097E1403FD59993B1C550E1B /* Copy Pods Resources */ = {
			isa = PBXShellScriptBuildPhase;
			buildActionMask = 2147483647;
			files = (
			);
			inputPaths = (
			);
			name = "Copy Pods Resources";
			outputPaths = (
			);
			runOnlyForDeploymentPostprocessing = 0;
			shellPath = /bin/sh;
			shellScript = "\"${SRCROOT}/Pods/Target Support Files/Pods/Pods-resources.sh\"\n";
			showEnvVarsInLog = 0;
		};
		687FD7BB3B62A6D430E33D94 /* Check Pods Manifest.lock */ = {
			isa = PBXShellScriptBuildPhase;
			buildActionMask = 2147483647;
			files = (
			);
			inputPaths = (
			);
			name = "Check Pods Manifest.lock";
			outputPaths = (
			);
			runOnlyForDeploymentPostprocessing = 0;
			shellPath = /bin/sh;
			shellScript = "diff \"${PODS_ROOT}/../Podfile.lock\" \"${PODS_ROOT}/Manifest.lock\" > /dev/null\nif [[ $? != 0 ]] ; then\n    cat << EOM\nerror: The sandbox is not in sync with the Podfile.lock. Run 'pod install' or update your CocoaPods installation.\nEOM\n    exit 1\nfi\n";
			showEnvVarsInLog = 0;
		};
		EB3BE9E6B692EFBB69EA9A0E /* Embed Pods Frameworks */ = {
			isa = PBXShellScriptBuildPhase;
			buildActionMask = 2147483647;
			files = (
			);
			inputPaths = (
			);
			name = "Embed Pods Frameworks";
			outputPaths = (
			);
			runOnlyForDeploymentPostprocessing = 0;
			shellPath = /bin/sh;
			shellScript = "\"${SRCROOT}/Pods/Target Support Files/Pods/Pods-frameworks.sh\"\n";
			showEnvVarsInLog = 0;
		};
/* End PBXShellScriptBuildPhase section */

/* Begin PBXSourcesBuildPhase section */
		DAC330151C06D4E30012CBF2 /* Sources */ = {
			isa = PBXSourcesBuildPhase;
			buildActionMask = 2147483647;
			files = (
				DA8B147B1C06E58100FAEA51 /* HMZNews.m in Sources */,
				DAC330211C06D4E30012CBF2 /* AppDelegate.m in Sources */,
				DA8B146B1C06E4A700FAEA51 /* HMZContentCell.m in Sources */,
				DA8B14AA1C07235C00FAEA51 /* HMZCycleController.m in Sources */,
				DA8B14751C06E50E00FAEA51 /* HMZNewsController.m in Sources */,
				DA8B14721C06E4F000FAEA51 /* UIView+HMZFrame.m in Sources */,
				DA8B14B01C07239000FAEA51 /* HMZCycleCell.m in Sources */,
				DA8B14621C06E3C800FAEA51 /* HMZChannelLabel.m in Sources */,
				DAC3301E1C06D4E30012CBF2 /* main.m in Sources */,
				DA8B14AD1C07237400FAEA51 /* HMZCycle.m in Sources */,
				DA8B14711C06E4F000FAEA51 /* NSString+Tools.m in Sources */,
				DA8B14681C06E48900FAEA51 /* HMZHomeController.m in Sources */,
				DA8B14781C06E56200FAEA51 /* HMZNewsCell.m in Sources */,
				DA8B14821C06E71400FAEA51 /* HMZNetworkTool.m in Sources */,
				DA8B14BE1C07411200FAEA51 /* HMZNewsInfoController.m in Sources */,
				DA8B14651C06E3EC00FAEA51 /* HMZChannel.m in Sources */,
			);
			runOnlyForDeploymentPostprocessing = 0;
		};
/* End PBXSourcesBuildPhase section */

/* Begin PBXVariantGroup section */
		DAC330251C06D4E30012CBF2 /* Main.storyboard */ = {
			isa = PBXVariantGroup;
			children = (
				DAC330261C06D4E30012CBF2 /* Base */,
			);
			name = Main.storyboard;
			sourceTree = "<group>";
		};
		DAC3302A1C06D4E30012CBF2 /* LaunchScreen.storyboard */ = {
			isa = PBXVariantGroup;
			children = (
				DAC3302B1C06D4E30012CBF2 /* Base */,
			);
			name = LaunchScreen.storyboard;
			sourceTree = "<group>";
		};
/* End PBXVariantGroup section */

/* Begin XCBuildConfiguration section */
		DAC3302E1C06D4E30012CBF2 /* Debug */ = {
			isa = XCBuildConfiguration;
			buildSettings = {
				ALWAYS_SEARCH_USER_PATHS = NO;
				CLANG_CXX_LANGUAGE_STANDARD = "gnu++0x";
				CLANG_CXX_LIBRARY = "libc++";
				CLANG_ENABLE_MODULES = YES;
				CLANG_ENABLE_OBJC_ARC = YES;
				CLANG_WARN_BOOL_CONVERSION = YES;
				CLANG_WARN_CONSTANT_CONVERSION = YES;
				CLANG_WARN_DIRECT_OBJC_ISA_USAGE = YES_ERROR;
				CLANG_WARN_EMPTY_BODY = YES;
				CLANG_WARN_ENUM_CONVERSION = YES;
				CLANG_WARN_INT_CONVERSION = YES;
				CLANG_WARN_OBJC_ROOT_CLASS = YES_ERROR;
				CLANG_WARN_UNREACHABLE_CODE = YES;
				CLANG_WARN__DUPLICATE_METHOD_MATCH = YES;
				COPY_PHASE_STRIP = NO;
				DEBUG_INFORMATION_FORMAT = dwarf;
				ENABLE_STRICT_OBJC_MSGSEND = YES;
				ENABLE_TESTABILITY = YES;
				GCC_C_LANGUAGE_STANDARD = gnu99;
				GCC_DYNAMIC_NO_PIC = NO;
				GCC_NO_COMMON_BLOCKS = YES;
				GCC_OPTIMIZATION_LEVEL = 0;
				GCC_PREPROCESSOR_DEFINITIONS = (
					"DEBUG=1",
					"$(inherited)",
				);
				GCC_WARN_64_TO_32_BIT_CONVERSION = YES;
				GCC_WARN_ABOUT_RETURN_TYPE = YES_ERROR;
				GCC_WARN_UNDECLARED_SELECTOR = YES;
				GCC_WARN_UNINITIALIZED_AUTOS = YES_AGGRESSIVE;
				GCC_WARN_UNUSED_FUNCTION = YES;
				GCC_WARN_UNUSED_VARIABLE = YES;
				IPHONEOS_DEPLOYMENT_TARGET = 9.0;
				MTL_ENABLE_DEBUG_INFO = YES;
				ONLY_ACTIVE_ARCH = YES;
				SDKROOT = iphoneos;
			};
			name = Debug;
		};
		DAC3302F1C06D4E30012CBF2 /* Release */ = {
			isa = XCBuildConfiguration;
			buildSettings = {
				ALWAYS_SEARCH_USER_PATHS = NO;
				CLANG_CXX_LANGUAGE_STANDARD = "gnu++0x";
				CLANG_CXX_LIBRARY = "libc++";
				CLANG_ENABLE_MODULES = YES;
				CLANG_ENABLE_OBJC_ARC = YES;
				CLANG_WARN_BOOL_CONVERSION = YES;
				CLANG_WARN_CONSTANT_CONVERSION = YES;
				CLANG_WARN_DIRECT_OBJC_ISA_USAGE = YES_ERROR;
				CLANG_WARN_EMPTY_BODY = YES;
				CLANG_WARN_ENUM_CONVERSION = YES;
				CLANG_WARN_INT_CONVERSION = YES;
				CLANG_WARN_OBJC_ROOT_CLASS = YES_ERROR;
				CLANG_WARN_UNREACHABLE_CODE = YES;
				CLANG_WARN__DUPLICATE_METHOD_MATCH = YES;
				COPY_PHASE_STRIP = NO;
				DEBUG_INFORMATION_FORMAT = "dwarf-with-dsym";
				ENABLE_NS_ASSERTIONS = NO;
				ENABLE_STRICT_OBJC_MSGSEND = YES;
				GCC_C_LANGUAGE_STANDARD = gnu99;
				GCC_NO_COMMON_BLOCKS = YES;
				GCC_WARN_64_TO_32_BIT_CONVERSION = YES;
				GCC_WARN_ABOUT_RETURN_TYPE = YES_ERROR;
				GCC_WARN_UNDECLARED_SELECTOR = YES;
				GCC_WARN_UNINITIALIZED_AUTOS = YES_AGGRESSIVE;
				GCC_WARN_UNUSED_FUNCTION = YES;
				GCC_WARN_UNUSED_VARIABLE = YES;
				IPHONEOS_DEPLOYMENT_TARGET = 9.0;
				MTL_ENABLE_DEBUG_INFO = NO;
				SDKROOT = iphoneos;
				VALIDATE_PRODUCT = YES;
			};
			name = Release;
		};
		DAC330311C06D4E30012CBF2 /* Debug */ = {
			isa = XCBuildConfiguration;
			baseConfigurationReference = F96368A546B51B178E1741B0 /* Pods.debug.xcconfig */;
			buildSettings = {
				ASSETCATALOG_COMPILER_APPICON_NAME = AppIcon;
				CODE_SIGN_IDENTITY = "iPhone Developer";
				INFOPLIST_FILE = "My-News/Info.plist";
				IPHONEOS_DEPLOYMENT_TARGET = 9.0;
				LD_RUNPATH_SEARCH_PATHS = "$(inherited) @executable_path/Frameworks";
				PRODUCT_BUNDLE_IDENTIFIER = "itcast.My-News";
				PRODUCT_NAME = "$(TARGET_NAME)";
			};
			name = Debug;
		};
		DAC330321C06D4E30012CBF2 /* Release */ = {
			isa = XCBuildConfiguration;
			baseConfigurationReference = F502ED78AA772235E2846312 /* Pods.release.xcconfig */;
			buildSettings = {
				ASSETCATALOG_COMPILER_APPICON_NAME = AppIcon;
				CODE_SIGN_IDENTITY = "iPhone Developer";
				INFOPLIST_FILE = "My-News/Info.plist";
				IPHONEOS_DEPLOYMENT_TARGET = 9.0;
				LD_RUNPATH_SEARCH_PATHS = "$(inherited) @executable_path/Frameworks";
				PRODUCT_BUNDLE_IDENTIFIER = "itcast.My-News";
				PRODUCT_NAME = "$(TARGET_NAME)";
			};
			name = Release;
		};
/* End XCBuildConfiguration section */

/* Begin XCConfigurationList section */
		DAC330141C06D4E30012CBF2 /* Build configuration list for PBXProject "My-News" */ = {
			isa = XCConfigurationList;
			buildConfigurations = (
				DAC3302E1C06D4E30012CBF2 /* Debug */,
				DAC3302F1C06D4E30012CBF2 /* Release */,
			);
			defaultConfigurationIsVisible = 0;
			defaultConfigurationName = Release;
		};
		DAC330301C06D4E30012CBF2 /* Build configuration list for PBXNativeTarget "My-News" */ = {
			isa = XCConfigurationList;
			buildConfigurations = (
				DAC330311C06D4E30012CBF2 /* Debug */,
				DAC330321C06D4E30012CBF2 /* Release */,
			);
			defaultConfigurationIsVisible = 0;
			defaultConfigurationName = Release;
		};
/* End XCConfigurationList section */
	};
	rootObject = DAC330111C06D4E30012CBF2 /* Project object */;
}
